
Microsoft Visual Studio Solution File, Format Version 12.00
# Visual Studio Version 16
VisualStudioVersion = 16.0.29418.71
MinimumVisualStudioVersion = 10.0.40219.1
Project("{FAE04EC0-301F-11D3-BF4B-00C04F79EFBC}") = "ScoreManager-Magic", "ScoreManager-Magic\ScoreManager-Magic.csproj", "{B1F02973-F34A-4DAE-B994-F4E4853119D8}"
EndProject
Project("{FAE04EC0-301F-11D3-BF4B-00C04F79EFBC}") = "BTLD", "BTLD\BTLD.csproj", "{54B1E4CB-360E-4C44-A706-F9B65EC042EA}"
EndProject
Project("{FAE04EC0-301F-11D3-BF4B-00C04F79EFBC}") = "SMMLib", "SMMLib\SMMLib.csproj", "{59AE304C-46EA-4E04-88F9-B6BF797CB6AF}"
EndProject
Project("{FAE04EC0-301F-11D3-BF4B-00C04F79EFBC}") = "Mahoushoujo", "Mahoushoujo\Mahoushoujo.csproj", "{C9431D83-F0B0-4826-9808-A4FEF0EDF92B}"
EndProject
Global
	GlobalSection(SolutionConfigurationPlatforms) = preSolution
		Debug|Any CPU = Debug|Any CPU
		Release|Any CPU = Release|Any CPU
	EndGlobalSection
	GlobalSection(ProjectConfigurationPlatforms) = postSolution
		{B1F02973-F34A-4DAE-B994-F4E4853119D8}.Debug|Any CPU.ActiveCfg = Debug|Any CPU
		{B1F02973-F34A-4DAE-B994-F4E4853119D8}.Debug|Any CPU.Build.0 = Debug|Any CPU
		{B1F02973-F34A-4DAE-B994-F4E4853119D8}.Release|Any CPU.ActiveCfg = Release|Any CPU
		{B1F02973-F34A-4DAE-B994-F4E4853119D8}.Release|Any CPU.Build.0 = Release|Any CPU
		{54B1E4CB-360E-4C44-A706-F9B65EC042EA}.Debug|Any CPU.ActiveCfg = Debug|Any CPU
		{54B1E4CB-360E-4C44-A706-F9B65EC042EA}.Debug|Any CPU.Build.0 = Debug|Any CPU
		{54B1E4CB-360E-4C44-A706-F9B65EC042EA}.Release|Any CPU.ActiveCfg = Release|Any CPU
		{54B1E4CB-360E-4C44-A706-F9B65EC042EA}.Release|Any CPU.Build.0 = Release|Any CPU
		{59AE304C-46EA-4E04-88F9-B6BF797CB6AF}.Debug|Any CPU.ActiveCfg = Debug|Any CPU
		{59AE304C-46EA-4E04-88F9-B6BF797CB6AF}.Debug|Any CPU.Build.0 = Debug|Any CPU
		{59AE304C-46EA-4E04-88F9-B6BF797CB6AF}.Release|Any CPU.ActiveCfg = Release|Any CPU
		{59AE304C-46EA-4E04-88F9-B6BF797CB6AF}.Release|Any CPU.Build.0 = Release|Any CPU
		{C9431D83-F0B0-4826-9808-A4FEF0EDF92B}.Debug|Any CPU.ActiveCfg = Debug|Any CPU
		{C9431D83-F0B0-4826-9808-A4FEF0EDF92B}.Debug|Any CPU.Build.0 = Debug|Any CPU
		{C9431D83-F0B0-4826-9808-A4FEF0EDF92B}.Release|Any CPU.ActiveCfg = Release|Any CPU
		{C9431D83-F0B0-4826-9808-A4FEF0EDF92B}.Release|Any CPU.Build.0 = Release|Any CPU
	EndGlobalSection
	GlobalSection(SolutionProperties) = preSolution
		HideSolutionNode = FALSE
	EndGlobalSection
	GlobalSection(ExtensibilityGlobals) = postSolution
		SolutionGuid = {EDAFF45D-3B38-4E07-B689-2114AFB02800}
	EndGlobalSection
EndGlobal
